// !$*UTF8*$!
{
	archiveVersion = 1;
	classes = {
	};
	objectVersion = 48;
	objects = {

/* Begin PBXBuildFile section */
		D75E6EB41F20ECE30019815F /* squarePNG.png in Resources */ = {isa = PBXBuildFile; fileRef = D75E6EB31F20EBFC0019815F /* squarePNG.png */; };
		D790CE981F130FFC000D341A /* AppDelegate.swift in Sources */ = {isa = PBXBuildFile; fileRef = D790CE971F130FFC000D341A /* AppDelegate.swift */; };
		D790CE9A1F130FFC000D341A /* ViewController.swift in Sources */ = {isa = PBXBuildFile; fileRef = D790CE991F130FFC000D341A /* ViewController.swift */; };
		D790CE9D1F130FFC000D341A /* Main.storyboard in Resources */ = {isa = PBXBuildFile; fileRef = D790CE9B1F130FFC000D341A /* Main.storyboard */; };
		D790CE9F1F130FFC000D341A /* Assets.xcassets in Resources */ = {isa = PBXBuildFile; fileRef = D790CE9E1F130FFC000D341A /* Assets.xcassets */; };
		D790CEA21F130FFC000D341A /* LaunchScreen.storyboard in Resources */ = {isa = PBXBuildFile; fileRef = D790CEA01F130FFC000D341A /* LaunchScreen.storyboard */; };
/* End PBXBuildFile section */

/* Begin PBXFileReference section */
		D7318CCA1F218BA3007026E8 /* README.md */ = {isa = PBXFileReference; lastKnownFileType = net.daringfireball.markdown; name = README.md; path = ../../translated/QRCodeReader/README.md; sourceTree = "<group>"; };
		D7318CCB1F218BA3007026E8 /* LICENSE.txt */ = {isa = PBXFileReference; lastKnownFileType = text; name = LICENSE.txt; path = ../../translated/QRCodeReader/LICENSE.txt; sourceTree = "<group>"; };
		D75E6EB31F20EBFC0019815F /* squarePNG.png */ = {isa = PBXFileReference; lastKnownFileType = image.png; name = squarePNG.png; path = "../../../translated/SquareCamSwift-20130404/SquareCam/squarePNG.png"; sourceTree = "<group>"; };
		D790CE941F130FFC000D341A /* VisionFace.app */ = {isa = PBXFileReference; explicitFileType = wrapper.application; includeInIndex = 0; path = VisionFace.app; sourceTree = BUILT_PRODUCTS_DIR; };
		D790CE971F130FFC000D341A /* AppDelegate.swift */ = {isa = PBXFileReference; lastKnownFileType = sourcecode.swift; path = AppDelegate.swift; sourceTree = "<group>"; };
		D790CE991F130FFC000D341A /* ViewController.swift */ = {isa = PBXFileReference; lastKnownFileType = sourcecode.swift; path = ViewController.swift; sourceTree = "<group>"; };
		D790CE9C1F130FFC000D341A /* Base */ = {isa = PBXFileReference; lastKnownFileType = file.storyboard; name = Base; path = Base.lproj/Main.storyboard; sourceTree = "<group>"; };
		D790CE9E1F130FFC000D341A /* Assets.xcassets */ = {isa = PBXFileReference; lastKnownFileType = folder.assetcatalog; path = Assets.xcassets; sourceTree = "<group>"; };
		D790CEA11F130FFC000D341A /* Base */ = {isa = PBXFileReference; lastKnownFileType = file.storyboard; name = Base; path = Base.lproj/LaunchScreen.storyboard; sourceTree = "<group>"; };
		D790CEA31F130FFC000D341A /* Info.plist */ = {isa = PBXFileReference; lastKnownFileType = text.plist.xml; path = Info.plist; sourceTree = "<group>"; };
/* End PBXFileReference section */

/* Begin PBXFrameworksBuildPhase section */
		D790CE911F130FFC000D341A /* Frameworks */ = {
			isa = PBXFrameworksBuildPhase;
			buildActionMask = 2147483647;
			files = (
			);
			runOnlyForDeploymentPostprocessing = 0;
		};
/* End PBXFrameworksBuildPhase section */

/* Begin PBXGroup section */
		D790CE8B1F130FFC000D341A = {
			isa = PBXGroup;
			children = (
				D7318CCB1F218BA3007026E8 /* LICENSE.txt */,
				D7318CCA1F218BA3007026E8 /* README.md */,
				D790CE961F130FFC000D341A /* VisionFace */,
				D790CE951F130FFC000D341A /* Products */,
			);
			sourceTree = "<group>";
		};
		D790CE951F130FFC000D341A /* Products */ = {
			isa = PBXGroup;
			children = (
				D790CE941F130FFC000D341A /* VisionFace.app */,
			);
			name = Products;
			sourceTree = "<group>";
		};
		D790CE961F130FFC000D341A /* VisionFace */ = {
			isa = PBXGroup;
			children = (
				D790CE971F130FFC000D341A /* AppDelegate.swift */,
				D790CE991F130FFC000D341A /* ViewController.swift */,
				D790CE9B1F130FFC000D341A /* Main.storyboard */,
				D790CE9E1F130FFC000D341A /* Assets.xcassets */,
				D790CEA01F130FFC000D341A /* LaunchScreen.storyboard */,
				D790CEA31F130FFC000D341A /* Info.plist */,
				D75E6EB31F20EBFC0019815F /* squarePNG.png */,
			);
			path = VisionFace;
			sourceTree = "<group>";
		};
/* End PBXGroup section */

/* Begin PBXNativeTarget section */
		D790CE931F130FFC000D341A /* VisionFace */ = {
			isa = PBXNativeTarget;
			buildConfigurationList = D790CEA61F130FFC000D341A /* Build configuration list for PBXNativeTarget "VisionFace" */;
			buildPhases = (
				D790CE901F130FFC000D341A /* Sources */,
				D790CE911F130FFC000D341A /* Frameworks */,
				D790CE921F130FFC000D341A /* Resources */,
			);
			buildRules = (
			);
			dependencies = (
			);
			name = VisionFace;
			productName = VisionFace;
			productReference = D790CE941F130FFC000D341A /* VisionFace.app */;
			productType = "com.apple.product-type.application";
		};
/* End PBXNativeTarget section */

/* Begin PBXProject section */
		D790CE8C1F130FFC000D341A /* Project object */ = {
			isa = PBXProject;
			attributes = {
				LastSwiftUpdateCheck = 0900;
				LastUpgradeCheck = 0900;
				ORGANIZATIONNAME = "OOPer (NAGATA, Atsuyuki)";
				TargetAttributes = {
					D790CE931F130FFC000D341A = {
						CreatedOnToolsVersion = 9.0;
					};
				};
			};
			buildConfigurationList = D790CE8F1F130FFC000D341A /* Build configuration list for PBXProject "VisionFace" */;
			compatibilityVersion = "Xcode 8.0";
			developmentRegion = en;
			hasScannedForEncodings = 0;
			knownRegions = (
				en,
				Base,
			);
			mainGroup = D790CE8B1F130FFC000D341A;
			productRefGroup = D790CE951F130FFC000D341A /* Products */;
			projectDirPath = "";
			projectRoot = "";
			targets = (
				D790CE931F130FFC000D341A /* VisionFace */,
			);
		};
/* End PBXProject section */

/* Begin PBXResourcesBuildPhase section */
		D790CE921F130FFC000D341A /* Resources */ = {
			isa = PBXResourcesBuildPhase;
			buildActionMask = 2147483647;
			files = (
				D790CEA21F130FFC000D341A /* LaunchScreen.storyboard in Resources */,
				D790CE9F1F130FFC000D341A /* Assets.xcassets in Resources */,
				D75E6EB41F20ECE30019815F /* squarePNG.png in Resources */,
				D790CE9D1F130FFC000D341A /* Main.storyboard in Resources */,
			);
			runOnlyForDeploymentPostprocessing = 0;
		};
/* End PBXResourcesBuildPhase section */

/* Begin PBXSourcesBuildPhase section */
		D790CE901F130FFC000D341A /* Sources */ = {
			isa = PBXSourcesBuildPhase;
			buildActionMask = 2147483647;
			files = (
				D790CE9A1F130FFC000D341A /* ViewController.swift in Sources */,
				D790CE981F130FFC000D341A /* AppDelegate.swift in Sources */,
			);
			runOnlyForDeploymentPostprocessing = 0;
		};
/* End PBXSourcesBuildPhase section */

/* Begin PBXVariantGroup section */
		D790CE9B1F130FFC000D341A /* Main.storyboard */ = {
			isa = PBXVariantGroup;
			children = (
				D790CE9C1F130FFC000D341A /* Base */,
			);
			name = Main.storyboard;
			sourceTree = "<group>";
		};
		D790CEA01F130FFC000D341A /* LaunchScreen.storyboard */ = {
			isa = PBXVariantGroup;
			children = (
				D790CEA11F130FFC000D341A /* Base */,
			);
			name = LaunchScreen.storyboard;
			sourceTree = "<group>";
		};
/* End PBXVariantGroup section */

/* Begin XCBuildConfiguration section */
		D790CEA41F130FFC000D341A /* Debug */ = {
			isa = XCBuildConfiguration;
			buildSettings = {
				ALWAYS_SEARCH_USER_PATHS = NO;
				CLANG_ANALYZER_NONNULL = YES;
				CLANG_ANALYZER_NUMBER_OBJECT_CONVERSION = YES_AGGRESSIVE;
				CLANG_CXX_LANGUAGE_STANDARD = "gnu++14";
				CLANG_CXX_LIBRARY = "libc++";
				CLANG_ENABLE_MODULES = YES;
				CLANG_ENABLE_OBJC_ARC = YES;
				CLANG_WARN_BLOCK_CAPTURE_AUTORELEASING = YES;
				CLANG_WARN_BOOL_CONVERSION = YES;
				CLANG_WARN_COMMA = YES;
				CLANG_WARN_CONSTANT_CONVERSION = YES;
				CLANG_WARN_DIRECT_OBJC_ISA_USAGE = YES_ERROR;
				CLANG_WARN_DOCUMENTATION_COMMENTS = YES;
				CLANG_WARN_EMPTY_BODY = YES;
				CLANG_WARN_ENUM_CONVERSION = YES;
				CLANG_WARN_INFINITE_RECURSION = YES;
				CLANG_WARN_INT_CONVERSION = YES;
				CLANG_WARN_NON_LITERAL_NULL_CONVERSION = YES;
				CLANG_WARN_OBJC_LITERAL_CONVERSION = YES;
				CLANG_WARN_OBJC_ROOT_CLASS = YES_ERROR;
				CLANG_WARN_RANGE_LOOP_ANALYSIS = YES;
				CLANG_WARN_STRICT_PROTOTYPES = YES;
				CLANG_WARN_SUSPICIOUS_MOVE = YES;
				CLANG_WARN_UNGUARDED_AVAILABILITY = YES_AGGRESSIVE;
				CLANG_WARN_UNREACHABLE_CODE = YES;
				CLANG_WARN__DUPLICATE_METHOD_MATCH = YES;
				CODE_SIGN_IDENTITY = "iPhone Developer";
				COPY_PHASE_STRIP = NO;
				DEBUG_INFORMATION_FORMAT = dwarf;
				ENABLE_STRICT_OBJC_MSGSEND = YES;
				ENABLE_TESTABILITY = YES;
				GCC_C_LANGUAGE_STANDARD = gnu11;
				GCC_DYNAMIC_NO_PIC = NO;
				GCC_NO_COMMON_BLOCKS = YES;
				GCC_OPTIMIZATION_LEVEL = 0;
				GCC_PREPROCESSOR_DEFINITIONS = (
					"DEBUG=1",
					"$(inherited)",
				);
				GCC_WARN_64_TO_32_BIT_CONVERSION = YES;
				GCC_WARN_ABOUT_RETURN_TYPE = YES_ERROR;
				GCC_WARN_UNDECLARED_SELECTOR = YES;
				GCC_WARN_UNINITIALIZED_AUTOS = YES_AGGRESSIVE;
				GCC_WARN_UNUSED_FUNCTION = YES;
				GCC_WARN_UNUSED_VARIABLE = YES;
				IPHONEOS_DEPLOYMENT_TARGET = 11.0;
				MTL_ENABLE_DEBUG_INFO = YES;
				ONLY_ACTIVE_ARCH = YES;
				SDKROOT = iphoneos;
				SWIFT_ACTIVE_COMPILATION_CONDITIONS = DEBUG;
				SWIFT_OPTIMIZATION_LEVEL = "-Onone";
			};
			name = Debug;
		};
		D790CEA51F130FFC000D341A /* Release */ = {
			isa = XCBuildConfiguration;
			buildSettings = {
				ALWAYS_SEARCH_USER_PATHS = NO;
				CLANG_ANALYZER_NONNULL = YES;
				CLANG_ANALYZER_NUMBER_OBJECT_CONVERSION = YES_AGGRESSIVE;
				CLANG_CXX_LANGUAGE_STANDARD = "gnu++14";
				CLANG_CXX_LIBRARY = "libc++";
				CLANG_ENABLE_MODULES = YES;
				CLANG_ENABLE_OBJC_ARC = YES;
				CLANG_WARN_BLOCK_CAPTURE_AUTORELEASING = YES;
				CLANG_WARN_BOOL_CONVERSION = YES;
				CLANG_WARN_COMMA = YES;
				CLANG_WARN_CONSTANT_CONVERSION = YES;
				CLANG_WARN_DIRECT_OBJC_ISA_USAGE = YES_ERROR;
				CLANG_WARN_DOCUMENTATION_COMMENTS = YES;
				CLANG_WARN_EMPTY_BODY = YES;
				CLANG_WARN_ENUM_CONVERSION = YES;
				CLANG_WARN_INFINITE_RECURSION = YES;
				CLANG_WARN_INT_CONVERSION = YES;
				CLANG_WARN_NON_LITERAL_NULL_CONVERSION = YES;
				CLANG_WARN_OBJC_LITERAL_CONVERSION = YES;
				CLANG_WARN_OBJC_ROOT_CLASS = YES_ERROR;
				CLANG_WARN_RANGE_LOOP_ANALYSIS = YES;
				CLANG_WARN_STRICT_PROTOTYPES = YES;
				CLANG_WARN_SUSPICIOUS_MOVE = YES;
				CLANG_WARN_UNGUARDED_AVAILABILITY = YES_AGGRESSIVE;
				CLANG_WARN_UNREACHABLE_CODE = YES;
				CLANG_WARN__DUPLICATE_METHOD_MATCH = YES;
				CODE_SIGN_IDENTITY = "iPhone Developer";
				COPY_PHASE_STRIP = NO;
				DEBUG_INFORMATION_FORMAT = "dwarf-with-dsym";
				ENABLE_NS_ASSERTIONS = NO;
				ENABLE_STRICT_OBJC_MSGSEND = YES;
				GCC_C_LANGUAGE_STANDARD = gnu11;
				GCC_NO_COMMON_BLOCKS = YES;
				GCC_WARN_64_TO_32_BIT_CONVERSION = YES;
				GCC_WARN_ABOUT_RETURN_TYPE = YES_ERROR;
				GCC_WARN_UNDECLARED_SELECTOR = YES;
				GCC_WARN_UNINITIALIZED_AUTOS = YES_AGGRESSIVE;
				GCC_WARN_UNUSED_FUNCTION = YES;
				GCC_WARN_UNUSED_VARIABLE = YES;
				IPHONEOS_DEPLOYMENT_TARGET = 11.0;
				MTL_ENABLE_DEBUG_INFO = NO;
				SDKROOT = iphoneos;
				SWIFT_OPTIMIZATION_LEVEL = "-Owholemodule";
				VALIDATE_PRODUCT = YES;
			};
			name = Release;
		};
		D790CEA71F130FFC000D341A /* Debug */ = {
			isa = XCBuildConfiguration;
			buildSettings = {
				ASSETCATALOG_COMPILER_APPICON_NAME = AppIcon;
				DEVELOPMENT_TEAM = "";
				INFOPLIST_FILE = VisionFace/Info.plist;
				LD_RUNPATH_SEARCH_PATHS = "$(inherited) @executable_path/Frameworks";
				PRODUCT_BUNDLE_IDENTIFIER = com.oopers.VisionFace;
				PRODUCT_NAME = "$(TARGET_NAME)";
				SWIFT_VERSION = 4.0;
				TARGETED_DEVICE_FAMILY = "1,2";
			};
			name = Debug;
		};
		D790CEA81F130FFC000D341A /* Release */ = {
			isa = XCBuildConfiguration;
			buildSettings = {
				ASSETCATALOG_COMPILER_APPICON_NAME = AppIcon;
				DEVELOPMENT_TEAM = "";
				INFOPLIST_FILE = VisionFace/Info.plist;
				LD_RUNPATH_SEARCH_PATHS = "$(inherited) @executable_path/Frameworks";
				PRODUCT_BUNDLE_IDENTIFIER = com.oopers.VisionFace;
				PRODUCT_NAME = "$(TARGET_NAME)";
				SWIFT_VERSION = 4.0;
				TARGETED_DEVICE_FAMILY = "1,2";
			};
			name = Release;
		};
/* End XCBuildConfiguration section */

/* Begin XCConfigurationList section */
		D790CE8F1F130FFC000D341A /* Build configuration list for PBXProject "VisionFace" */ = {
			isa = XCConfigurationList;
			buildConfigurations = (
				D790CEA41F130FFC000D341A /* Debug */,
				D790CEA51F130FFC000D341A /* Release */,
			);
			defaultConfigurationIsVisible = 0;
			defaultConfigurationName = Release;
		};
		D790CEA61F130FFC000D341A /* Build configuration list for PBXNativeTarget "VisionFace" */ = {
			isa = XCConfigurationList;
			buildConfigurations = (
				D790CEA71F130FFC000D341A /* Debug */,
				D790CEA81F130FFC000D341A /* Release */,
			);
			defaultConfigurationIsVisible = 0;
			defaultConfigurationName = Release;
		};
/* End XCConfigurationList section */
	};
	rootObject = D790CE8C1F130FFC000D341A /* Project object */;
}
